// !$*UTF8*$!
{
	archiveVersion = 1;
	classes = {
	};
	objectVersion = 50;
	objects = {

/* Begin PBXBuildFile section */
		962055752535415E00E0B575 /* AppDelegate.swift in Sources */ = {isa = PBXBuildFile; fileRef = 962055742535415E00E0B575 /* AppDelegate.swift */; };
		962055772535415E00E0B575 /* SceneDelegate.swift in Sources */ = {isa = PBXBuildFile; fileRef = 962055762535415E00E0B575 /* SceneDelegate.swift */; };
		962055792535415E00E0B575 /* ViewController.swift in Sources */ = {isa = PBXBuildFile; fileRef = 962055782535415E00E0B575 /* ViewController.swift */; };
		9620557C2535415E00E0B575 /* Main.storyboard in Resources */ = {isa = PBXBuildFile; fileRef = 9620557A2535415E00E0B575 /* Main.storyboard */; };
		9620557F2535415E00E0B575 /* Monash_Chat_Room.xcdatamodeld in Sources */ = {isa = PBXBuildFile; fileRef = 9620557D2535415E00E0B575 /* Monash_Chat_Room.xcdatamodeld */; };
		962055812535416200E0B575 /* Assets.xcassets in Resources */ = {isa = PBXBuildFile; fileRef = 962055802535416200E0B575 /* Assets.xcassets */; };
		962055842535416200E0B575 /* LaunchScreen.storyboard in Resources */ = {isa = PBXBuildFile; fileRef = 962055822535416200E0B575 /* LaunchScreen.storyboard */; };
/* End PBXBuildFile section */

/* Begin PBXFileReference section */
		962055712535415E00E0B575 /* Monash Chat Room.app */ = {isa = PBXFileReference; explicitFileType = wrapper.application; includeInIndex = 0; path = "Monash Chat Room.app"; sourceTree = BUILT_PRODUCTS_DIR; };
		962055742535415E00E0B575 /* AppDelegate.swift */ = {isa = PBXFileReference; lastKnownFileType = sourcecode.swift; path = AppDelegate.swift; sourceTree = "<group>"; };
		962055762535415E00E0B575 /* SceneDelegate.swift */ = {isa = PBXFileReference; lastKnownFileType = sourcecode.swift; path = SceneDelegate.swift; sourceTree = "<group>"; };
		962055782535415E00E0B575 /* ViewController.swift */ = {isa = PBXFileReference; lastKnownFileType = sourcecode.swift; path = ViewController.swift; sourceTree = "<group>"; };
		9620557B2535415E00E0B575 /* Base */ = {isa = PBXFileReference; lastKnownFileType = file.storyboard; name = Base; path = Base.lproj/Main.storyboard; sourceTree = "<group>"; };
		9620557E2535415E00E0B575 /* Monash_Chat_Room.xcdatamodel */ = {isa = PBXFileReference; lastKnownFileType = wrapper.xcdatamodel; path = Monash_Chat_Room.xcdatamodel; sourceTree = "<group>"; };
		962055802535416200E0B575 /* Assets.xcassets */ = {isa = PBXFileReference; lastKnownFileType = folder.assetcatalog; path = Assets.xcassets; sourceTree = "<group>"; };
		962055832535416200E0B575 /* Base */ = {isa = PBXFileReference; lastKnownFileType = file.storyboard; name = Base; path = Base.lproj/LaunchScreen.storyboard; sourceTree = "<group>"; };
		962055852535416200E0B575 /* Info.plist */ = {isa = PBXFileReference; lastKnownFileType = text.plist.xml; path = Info.plist; sourceTree = "<group>"; };
/* End PBXFileReference section */

/* Begin PBXFrameworksBuildPhase section */
		9620556E2535415E00E0B575 /* Frameworks */ = {
			isa = PBXFrameworksBuildPhase;
			buildActionMask = 2147483647;
			files = (
			);
			runOnlyForDeploymentPostprocessing = 0;
		};
/* End PBXFrameworksBuildPhase section */

/* Begin PBXGroup section */
		962055682535415D00E0B575 = {
			isa = PBXGroup;
			children = (
				962055732535415E00E0B575 /* Monash Chat Room */,
				962055722535415E00E0B575 /* Products */,
			);
			sourceTree = "<group>";
		};
		962055722535415E00E0B575 /* Products */ = {
			isa = PBXGroup;
			children = (
				962055712535415E00E0B575 /* Monash Chat Room.app */,
			);
			name = Products;
			sourceTree = "<group>";
		};
		962055732535415E00E0B575 /* Monash Chat Room */ = {
			isa = PBXGroup;
			children = (
				962055742535415E00E0B575 /* AppDelegate.swift */,
				962055762535415E00E0B575 /* SceneDelegate.swift */,
				962055782535415E00E0B575 /* ViewController.swift */,
				9620557A2535415E00E0B575 /* Main.storyboard */,
				962055802535416200E0B575 /* Assets.xcassets */,
				962055822535416200E0B575 /* LaunchScreen.storyboard */,
				962055852535416200E0B575 /* Info.plist */,
				9620557D2535415E00E0B575 /* Monash_Chat_Room.xcdatamodeld */,
			);
			path = "Monash Chat Room";
			sourceTree = "<group>";
		};
/* End PBXGroup section */

/* Begin PBXNativeTarget section */
		962055702535415E00E0B575 /* Monash Chat Room */ = {
			isa = PBXNativeTarget;
			buildConfigurationList = 962055882535416300E0B575 /* Build configuration list for PBXNativeTarget "Monash Chat Room" */;
			buildPhases = (
				9620556D2535415E00E0B575 /* Sources */,
				9620556E2535415E00E0B575 /* Frameworks */,
				9620556F2535415E00E0B575 /* Resources */,
			);
			buildRules = (
			);
			dependencies = (
			);
			name = "Monash Chat Room";
			productName = "Monash Chat Room";
			productReference = 962055712535415E00E0B575 /* Monash Chat Room.app */;
			productType = "com.apple.product-type.application";
		};
/* End PBXNativeTarget section */

/* Begin PBXProject section */
		962055692535415D00E0B575 /* Project object */ = {
			isa = PBXProject;
			attributes = {
				LastSwiftUpdateCheck = 1200;
				LastUpgradeCheck = 1200;
				TargetAttributes = {
					962055702535415E00E0B575 = {
						CreatedOnToolsVersion = 12.0;
					};
				};
			};
			buildConfigurationList = 9620556C2535415D00E0B575 /* Build configuration list for PBXProject "Monash Chat Room" */;
			compatibilityVersion = "Xcode 9.3";
			developmentRegion = en;
			hasScannedForEncodings = 0;
			knownRegions = (
				en,
				Base,
			);
			mainGroup = 962055682535415D00E0B575;
			productRefGroup = 962055722535415E00E0B575 /* Products */;
			projectDirPath = "";
			projectRoot = "";
			targets = (
				962055702535415E00E0B575 /* Monash Chat Room */,
			);
		};
/* End PBXProject section */

/* Begin PBXResourcesBuildPhase section */
		9620556F2535415E00E0B575 /* Resources */ = {
			isa = PBXResourcesBuildPhase;
			buildActionMask = 2147483647;
			files = (
				962055842535416200E0B575 /* LaunchScreen.storyboard in Resources */,
				962055812535416200E0B575 /* Assets.xcassets in Resources */,
				9620557C2535415E00E0B575 /* Main.storyboard in Resources */,
			);
			runOnlyForDeploymentPostprocessing = 0;
		};
/* End PBXResourcesBuildPhase section */

/* Begin PBXSourcesBuildPhase section */
		9620556D2535415E00E0B575 /* Sources */ = {
			isa = PBXSourcesBuildPhase;
			buildActionMask = 2147483647;
			files = (
				962055792535415E00E0B575 /* ViewController.swift in Sources */,
				962055752535415E00E0B575 /* AppDelegate.swift in Sources */,
				9620557F2535415E00E0B575 /* Monash_Chat_Room.xcdatamodeld in Sources */,
				962055772535415E00E0B575 /* SceneDelegate.swift in Sources */,
			);
			runOnlyForDeploymentPostprocessing = 0;
		};
/* End PBXSourcesBuildPhase section */

/* Begin PBXVariantGroup section */
		9620557A2535415E00E0B575 /* Main.storyboard */ = {
			isa = PBXVariantGroup;
			children = (
				9620557B2535415E00E0B575 /* Base */,
			);
			name = Main.storyboard;
			sourceTree = "<group>";
		};
		962055822535416200E0B575 /* LaunchScreen.storyboard */ = {
			isa = PBXVariantGroup;
			children = (
				962055832535416200E0B575 /* Base */,
			);
			name = LaunchScreen.storyboard;
			sourceTree = "<group>";
		};
/* End PBXVariantGroup section */

/* Begin XCBuildConfiguration section */
		962055862535416200E0B575 /* Debug */ = {
			isa = XCBuildConfiguration;
			buildSettings = {
				ALWAYS_SEARCH_USER_PATHS = NO;
				CLANG_ANALYZER_NONNULL = YES;
				CLANG_ANALYZER_NUMBER_OBJECT_CONVERSION = YES_AGGRESSIVE;
				CLANG_CXX_LANGUAGE_STANDARD = "gnu++14";
				CLANG_CXX_LIBRARY = "libc++";
				CLANG_ENABLE_MODULES = YES;
				CLANG_ENABLE_OBJC_ARC = YES;
				CLANG_ENABLE_OBJC_WEAK = YES;
				CLANG_WARN_BLOCK_CAPTURE_AUTORELEASING = YES;
				CLANG_WARN_BOOL_CONVERSION = YES;
				CLANG_WARN_COMMA = YES;
				CLANG_WARN_CONSTANT_CONVERSION = YES;
				CLANG_WARN_DEPRECATED_OBJC_IMPLEMENTATIONS = YES;
				CLANG_WARN_DIRECT_OBJC_ISA_USAGE = YES_ERROR;
				CLANG_WARN_DOCUMENTATION_COMMENTS = YES;
				CLANG_WARN_EMPTY_BODY = YES;
				CLANG_WARN_ENUM_CONVERSION = YES;
				CLANG_WARN_INFINITE_RECURSION = YES;
				CLANG_WARN_INT_CONVERSION = YES;
				CLANG_WARN_NON_LITERAL_NULL_CONVERSION = YES;
				CLANG_WARN_OBJC_IMPLICIT_RETAIN_SELF = YES;
				CLANG_WARN_OBJC_LITERAL_CONVERSION = YES;
				CLANG_WARN_OBJC_ROOT_CLASS = YES_ERROR;
				CLANG_WARN_QUOTED_INCLUDE_IN_FRAMEWORK_HEADER = YES;
				CLANG_WARN_RANGE_LOOP_ANALYSIS = YES;
				CLANG_WARN_STRICT_PROTOTYPES = YES;
				CLANG_WARN_SUSPICIOUS_MOVE = YES;
				CLANG_WARN_UNGUARDED_AVAILABILITY = YES_AGGRESSIVE;
				CLANG_WARN_UNREACHABLE_CODE = YES;
				CLANG_WARN__DUPLICATE_METHOD_MATCH = YES;
				COPY_PHASE_STRIP = NO;
				DEBUG_INFORMATION_FORMAT = dwarf;
				ENABLE_STRICT_OBJC_MSGSEND = YES;
				ENABLE_TESTABILITY = YES;
				GCC_C_LANGUAGE_STANDARD = gnu11;
				GCC_DYNAMIC_NO_PIC = NO;
				GCC_NO_COMMON_BLOCKS = YES;
				GCC_OPTIMIZATION_LEVEL = 0;
				GCC_PREPROCESSOR_DEFINITIONS = (
					"DEBUG=1",
					"$(inherited)",
				);
				GCC_WARN_64_TO_32_BIT_CONVERSION = YES;
				GCC_WARN_ABOUT_RETURN_TYPE = YES_ERROR;
				GCC_WARN_UNDECLARED_SELECTOR = YES;
				GCC_WARN_UNINITIALIZED_AUTOS = YES_AGGRESSIVE;
				GCC_WARN_UNUSED_FUNCTION = YES;
				GCC_WARN_UNUSED_VARIABLE = YES;
				IPHONEOS_DEPLOYMENT_TARGET = 14.0;
				MTL_ENABLE_DEBUG_INFO = INCLUDE_SOURCE;
				MTL_FAST_MATH = YES;
				ONLY_ACTIVE_ARCH = YES;
				SDKROOT = iphoneos;
				SWIFT_ACTIVE_COMPILATION_CONDITIONS = DEBUG;
				SWIFT_OPTIMIZATION_LEVEL = "-Onone";
			};
			name = Debug;
		};
		962055872535416200E0B575 /* Release */ = {
			isa = XCBuildConfiguration;
			buildSettings = {
				ALWAYS_SEARCH_USER_PATHS = NO;
				CLANG_ANALYZER_NONNULL = YES;
				CLANG_ANALYZER_NUMBER_OBJECT_CONVERSION = YES_AGGRESSIVE;
				CLANG_CXX_LANGUAGE_STANDARD = "gnu++14";
				CLANG_CXX_LIBRARY = "libc++";
				CLANG_ENABLE_MODULES = YES;
				CLANG_ENABLE_OBJC_ARC = YES;
				CLANG_ENABLE_OBJC_WEAK = YES;
				CLANG_WARN_BLOCK_CAPTURE_AUTORELEASING = YES;
				CLANG_WARN_BOOL_CONVERSION = YES;
				CLANG_WARN_COMMA = YES;
				CLANG_WARN_CONSTANT_CONVERSION = YES;
				CLANG_WARN_DEPRECATED_OBJC_IMPLEMENTATIONS = YES;
				CLANG_WARN_DIRECT_OBJC_ISA_USAGE = YES_ERROR;
				CLANG_WARN_DOCUMENTATION_COMMENTS = YES;
				CLANG_WARN_EMPTY_BODY = YES;
				CLANG_WARN_ENUM_CONVERSION = YES;
				CLANG_WARN_INFINITE_RECURSION = YES;
				CLANG_WARN_INT_CONVERSION = YES;
				CLANG_WARN_NON_LITERAL_NULL_CONVERSION = YES;
				CLANG_WARN_OBJC_IMPLICIT_RETAIN_SELF = YES;
				CLANG_WARN_OBJC_LITERAL_CONVERSION = YES;
				CLANG_WARN_OBJC_ROOT_CLASS = YES_ERROR;
				CLANG_WARN_QUOTED_INCLUDE_IN_FRAMEWORK_HEADER = YES;
				CLANG_WARN_RANGE_LOOP_ANALYSIS = YES;
				CLANG_WARN_STRICT_PROTOTYPES = YES;
				CLANG_WARN_SUSPICIOUS_MOVE = YES;
				CLANG_WARN_UNGUARDED_AVAILABILITY = YES_AGGRESSIVE;
				CLANG_WARN_UNREACHABLE_CODE = YES;
				CLANG_WARN__DUPLICATE_METHOD_MATCH = YES;
				COPY_PHASE_STRIP = NO;
				DEBUG_INFORMATION_FORMAT = "dwarf-with-dsym";
				ENABLE_NS_ASSERTIONS = NO;
				ENABLE_STRICT_OBJC_MSGSEND = YES;
				GCC_C_LANGUAGE_STANDARD = gnu11;
				GCC_NO_COMMON_BLOCKS = YES;
				GCC_WARN_64_TO_32_BIT_CONVERSION = YES;
				GCC_WARN_ABOUT_RETURN_TYPE = YES_ERROR;
				GCC_WARN_UNDECLARED_SELECTOR = YES;
				GCC_WARN_UNINITIALIZED_AUTOS = YES_AGGRESSIVE;
				GCC_WARN_UNUSED_FUNCTION = YES;
				GCC_WARN_UNUSED_VARIABLE = YES;
				IPHONEOS_DEPLOYMENT_TARGET = 14.0;
				MTL_ENABLE_DEBUG_INFO = NO;
				MTL_FAST_MATH = YES;
				SDKROOT = iphoneos;
				SWIFT_COMPILATION_MODE = wholemodule;
				SWIFT_OPTIMIZATION_LEVEL = "-O";
				VALIDATE_PRODUCT = YES;
			};
			name = Release;
		};
		962055892535416300E0B575 /* Debug */ = {
			isa = XCBuildConfiguration;
			buildSettings = {
				ASSETCATALOG_COMPILER_APPICON_NAME = AppIcon;
				ASSETCATALOG_COMPILER_GLOBAL_ACCENT_COLOR_NAME = AccentColor;
				CODE_SIGN_STYLE = Automatic;
				DEVELOPMENT_TEAM = QXTQMS2VQ4;
				INFOPLIST_FILE = "Monash Chat Room/Info.plist";
				LD_RUNPATH_SEARCH_PATHS = (
					"$(inherited)",
					"@executable_path/Frameworks",
				);
				PRODUCT_BUNDLE_IDENTIFIER = "com.fit5042.Monash-Chat-Room";
				PRODUCT_NAME = "$(TARGET_NAME)";
				SWIFT_VERSION = 5.0;
				TARGETED_DEVICE_FAMILY = "1,2";
			};
			name = Debug;
		};
		9620558A2535416300E0B575 /* Release */ = {
			isa = XCBuildConfiguration;
			buildSettings = {
				ASSETCATALOG_COMPILER_APPICON_NAME = AppIcon;
				ASSETCATALOG_COMPILER_GLOBAL_ACCENT_COLOR_NAME = AccentColor;
				CODE_SIGN_STYLE = Automatic;
				DEVELOPMENT_TEAM = QXTQMS2VQ4;
				INFOPLIST_FILE = "Monash Chat Room/Info.plist";
				LD_RUNPATH_SEARCH_PATHS = (
					"$(inherited)",
					"@executable_path/Frameworks",
				);
				PRODUCT_BUNDLE_IDENTIFIER = "com.fit5042.Monash-Chat-Room";
				PRODUCT_NAME = "$(TARGET_NAME)";
				SWIFT_VERSION = 5.0;
				TARGETED_DEVICE_FAMILY = "1,2";
			};
			name = Release;
		};
/* End XCBuildConfiguration section */

/* Begin XCConfigurationList section */
		9620556C2535415D00E0B575 /* Build configuration list for PBXProject "Monash Chat Room" */ = {
			isa = XCConfigurationList;
			buildConfigurations = (
				962055862535416200E0B575 /* Debug */,
				962055872535416200E0B575 /* Release */,
			);
			defaultConfigurationIsVisible = 0;
			defaultConfigurationName = Release;
		};
		962055882535416300E0B575 /* Build configuration list for PBXNativeTarget "Monash Chat Room" */ = {
			isa = XCConfigurationList;
			buildConfigurations = (
				962055892535416300E0B575 /* Debug */,
				9620558A2535416300E0B575 /* Release */,
			);
			defaultConfigurationIsVisible = 0;
			defaultConfigurationName = Release;
		};
/* End XCConfigurationList section */

/* Begin XCVersionGroup section */
		9620557D2535415E00E0B575 /* Monash_Chat_Room.xcdatamodeld */ = {
			isa = XCVersionGroup;
			children = (
				9620557E2535415E00E0B575 /* Monash_Chat_Room.xcdatamodel */,
			);
			currentVersion = 9620557E2535415E00E0B575 /* Monash_Chat_Room.xcdatamodel */;
			path = Monash_Chat_Room.xcdatamodeld;
			sourceTree = "<group>";
			versionGroupType = wrapper.xcdatamodel;
		};
/* End XCVersionGroup section */
	};
	rootObject = 962055692535415D00E0B575 /* Project object */;
}
